Microsoft Visual Studio Solution File, Format Version 12.00
# Visual Studio 15
Project("{8BC9CEB8-8B4A-11D0-8D11-00A0C91BC942}") = "ALL_BUILD", "ALL_BUILD.vcxproj", "{D47564F5-AABC-3A19-A937-FEEA5DF8F76F}"
	ProjectSection(ProjectDependencies) = postProject
		{1FE1F4C5-14E6-38CF-AFA9-3A7ECCBA2774} = {1FE1F4C5-14E6-38CF-AFA9-3A7ECCBA2774}
		{ED429CF2-10DA-3E32-8665-BC88F9A669E6} = {ED429CF2-10DA-3E32-8665-BC88F9A669E6}
		{E48905D0-095D-3D14-AA77-0286DC701440} = {E48905D0-095D-3D14-AA77-0286DC701440}
		{8A4DDFCF-89EA-3062-9E9D-3A3CC53F1B8C} = {8A4DDFCF-89EA-3062-9E9D-3A3CC53F1B8C}
		{3C44AAEB-5252-315B-AFAC-30F9FDD98DB3} = {3C44AAEB-5252-315B-AFAC-30F9FDD98DB3}
	EndProjectSection
EndProject
Project("{8BC9CEB8-8B4A-11D0-8D11-00A0C91BC942}") = "INSTALL", "INSTALL.vcxproj", "{E013426A-6E43-3032-82A3-8155462C9222}"
	ProjectSection(ProjectDependencies) = postProject
		{D47564F5-AABC-3A19-A937-FEEA5DF8F76F} = {D47564F5-AABC-3A19-A937-FEEA5DF8F76F}
		{1FE1F4C5-14E6-38CF-AFA9-3A7ECCBA2774} = {1FE1F4C5-14E6-38CF-AFA9-3A7ECCBA2774}
	EndProjectSection
EndProject
Project("{8BC9CEB8-8B4A-11D0-8D11-00A0C91BC942}") = "ZERO_CHECK", "ZERO_CHECK.vcxproj", "{1FE1F4C5-14E6-38CF-AFA9-3A7ECCBA2774}"
	ProjectSection(ProjectDependencies) = postProject
	EndProjectSection
EndProject
Project("{8BC9CEB8-8B4A-11D0-8D11-00A0C91BC942}") = "libnyquist", "libnyquist.vcxproj", "{ED429CF2-10DA-3E32-8665-BC88F9A669E6}"
	ProjectSection(ProjectDependencies) = postProject
		{1FE1F4C5-14E6-38CF-AFA9-3A7ECCBA2774} = {1FE1F4C5-14E6-38CF-AFA9-3A7ECCBA2774}
	EndProjectSection
EndProject
Project("{8BC9CEB8-8B4A-11D0-8D11-00A0C91BC942}") = "libnyquist-examples", "libnyquist-examples.vcxproj", "{E48905D0-095D-3D14-AA77-0286DC701440}"
	ProjectSection(ProjectDependencies) = postProject
		{1FE1F4C5-14E6-38CF-AFA9-3A7ECCBA2774} = {1FE1F4C5-14E6-38CF-AFA9-3A7ECCBA2774}
		{ED429CF2-10DA-3E32-8665-BC88F9A669E6} = {ED429CF2-10DA-3E32-8665-BC88F9A669E6}
		{8A4DDFCF-89EA-3062-9E9D-3A3CC53F1B8C} = {8A4DDFCF-89EA-3062-9E9D-3A3CC53F1B8C}
		{3C44AAEB-5252-315B-AFAC-30F9FDD98DB3} = {3C44AAEB-5252-315B-AFAC-30F9FDD98DB3}
	EndProjectSection
EndProject
Project("{8BC9CEB8-8B4A-11D0-8D11-00A0C91BC942}") = "libopus", "libopus.vcxproj", "{8A4DDFCF-89EA-3062-9E9D-3A3CC53F1B8C}"
	ProjectSection(ProjectDependencies) = postProject
		{1FE1F4C5-14E6-38CF-AFA9-3A7ECCBA2774} = {1FE1F4C5-14E6-38CF-AFA9-3A7ECCBA2774}
	EndProjectSection
EndProject
Project("{8BC9CEB8-8B4A-11D0-8D11-00A0C91BC942}") = "libwavpack", "libwavpack.vcxproj", "{3C44AAEB-5252-315B-AFAC-30F9FDD98DB3}"
	ProjectSection(ProjectDependencies) = postProject
		{1FE1F4C5-14E6-38CF-AFA9-3A7ECCBA2774} = {1FE1F4C5-14E6-38CF-AFA9-3A7ECCBA2774}
	EndProjectSection
EndProject
Global
	GlobalSection(SolutionConfigurationPlatforms) = preSolution
		Debug|Win32 = Debug|Win32
		Release|Win32 = Release|Win32
		MinSizeRel|Win32 = MinSizeRel|Win32
		RelWithDebInfo|Win32 = RelWithDebInfo|Win32
	EndGlobalSection
	GlobalSection(ProjectConfigurationPlatforms) = postSolution
		{D47564F5-AABC-3A19-A937-FEEA5DF8F76F}.Debug|Win32.ActiveCfg = Debug|Win32
		{D47564F5-AABC-3A19-A937-FEEA5DF8F76F}.Debug|Win32.Build.0 = Debug|Win32
		{D47564F5-AABC-3A19-A937-FEEA5DF8F76F}.Release|Win32.ActiveCfg = Release|Win32
		{D47564F5-AABC-3A19-A937-FEEA5DF8F76F}.Release|Win32.Build.0 = Release|Win32
		{D47564F5-AABC-3A19-A937-FEEA5DF8F76F}.MinSizeRel|Win32.ActiveCfg = MinSizeRel|Win32
		{D47564F5-AABC-3A19-A937-FEEA5DF8F76F}.MinSizeRel|Win32.Build.0 = MinSizeRel|Win32
		{D47564F5-AABC-3A19-A937-FEEA5DF8F76F}.RelWithDebInfo|Win32.ActiveCfg = RelWithDebInfo|Win32
		{D47564F5-AABC-3A19-A937-FEEA5DF8F76F}.RelWithDebInfo|Win32.Build.0 = RelWithDebInfo|Win32
		{E013426A-6E43-3032-82A3-8155462C9222}.Debug|Win32.ActiveCfg = Debug|Win32
		{E013426A-6E43-3032-82A3-8155462C9222}.Release|Win32.ActiveCfg = Release|Win32
		{E013426A-6E43-3032-82A3-8155462C9222}.MinSizeRel|Win32.ActiveCfg = MinSizeRel|Win32
		{E013426A-6E43-3032-82A3-8155462C9222}.RelWithDebInfo|Win32.ActiveCfg = RelWithDebInfo|Win32
		{1FE1F4C5-14E6-38CF-AFA9-3A7ECCBA2774}.Debug|Win32.ActiveCfg = Debug|Win32
		{1FE1F4C5-14E6-38CF-AFA9-3A7ECCBA2774}.Debug|Win32.Build.0 = Debug|Win32
		{1FE1F4C5-14E6-38CF-AFA9-3A7ECCBA2774}.Release|Win32.ActiveCfg = Release|Win32
		{1FE1F4C5-14E6-38CF-AFA9-3A7ECCBA2774}.Release|Win32.Build.0 = Release|Win32
		{1FE1F4C5-14E6-38CF-AFA9-3A7ECCBA2774}.MinSizeRel|Win32.ActiveCfg = MinSizeRel|Win32
		{1FE1F4C5-14E6-38CF-AFA9-3A7ECCBA2774}.MinSizeRel|Win32.Build.0 = MinSizeRel|Win32
		{1FE1F4C5-14E6-38CF-AFA9-3A7ECCBA2774}.RelWithDebInfo|Win32.ActiveCfg = RelWithDebInfo|Win32
		{1FE1F4C5-14E6-38CF-AFA9-3A7ECCBA2774}.RelWithDebInfo|Win32.Build.0 = RelWithDebInfo|Win32
		{ED429CF2-10DA-3E32-8665-BC88F9A669E6}.Debug|Win32.ActiveCfg = Debug|Win32
		{ED429CF2-10DA-3E32-8665-BC88F9A669E6}.Debug|Win32.Build.0 = Debug|Win32
		{ED429CF2-10DA-3E32-8665-BC88F9A669E6}.Release|Win32.ActiveCfg = Release|Win32
		{ED429CF2-10DA-3E32-8665-BC88F9A669E6}.Release|Win32.Build.0 = Release|Win32
		{ED429CF2-10DA-3E32-8665-BC88F9A669E6}.MinSizeRel|Win32.ActiveCfg = MinSizeRel|Win32
		{ED429CF2-10DA-3E32-8665-BC88F9A669E6}.MinSizeRel|Win32.Build.0 = MinSizeRel|Win32
		{ED429CF2-10DA-3E32-8665-BC88F9A669E6}.RelWithDebInfo|Win32.ActiveCfg = RelWithDebInfo|Win32
		{ED429CF2-10DA-3E32-8665-BC88F9A669E6}.RelWithDebInfo|Win32.Build.0 = RelWithDebInfo|Win32
		{E48905D0-095D-3D14-AA77-0286DC701440}.Debug|Win32.ActiveCfg = Debug|Win32
		{E48905D0-095D-3D14-AA77-0286DC701440}.Debug|Win32.Build.0 = Debug|Win32
		{E48905D0-095D-3D14-AA77-0286DC701440}.Release|Win32.ActiveCfg = Release|Win32
		{E48905D0-095D-3D14-AA77-0286DC701440}.Release|Win32.Build.0 = Release|Win32
		{E48905D0-095D-3D14-AA77-0286DC701440}.MinSizeRel|Win32.ActiveCfg = MinSizeRel|Win32
		{E48905D0-095D-3D14-AA77-0286DC701440}.MinSizeRel|Win32.Build.0 = MinSizeRel|Win32
		{E48905D0-095D-3D14-AA77-0286DC701440}.RelWithDebInfo|Win32.ActiveCfg = RelWithDebInfo|Win32
		{E48905D0-095D-3D14-AA77-0286DC701440}.RelWithDebInfo|Win32.Build.0 = RelWithDebInfo|Win32
		{8A4DDFCF-89EA-3062-9E9D-3A3CC53F1B8C}.Debug|Win32.ActiveCfg = Debug|Win32
		{8A4DDFCF-89EA-3062-9E9D-3A3CC53F1B8C}.Debug|Win32.Build.0 = Debug|Win32
		{8A4DDFCF-89EA-3062-9E9D-3A3CC53F1B8C}.Release|Win32.ActiveCfg = Release|Win32
		{8A4DDFCF-89EA-3062-9E9D-3A3CC53F1B8C}.Release|Win32.Build.0 = Release|Win32
		{8A4DDFCF-89EA-3062-9E9D-3A3CC53F1B8C}.MinSizeRel|Win32.ActiveCfg = MinSizeRel|Win32
		{8A4DDFCF-89EA-3062-9E9D-3A3CC53F1B8C}.MinSizeRel|Win32.Build.0 = MinSizeRel|Win32
		{8A4DDFCF-89EA-3062-9E9D-3A3CC53F1B8C}.RelWithDebInfo|Win32.ActiveCfg = RelWithDebInfo|Win32
		{8A4DDFCF-89EA-3062-9E9D-3A3CC53F1B8C}.RelWithDebInfo|Win32.Build.0 = RelWithDebInfo|Win32
		{3C44AAEB-5252-315B-AFAC-30F9FDD98DB3}.Debug|Win32.ActiveCfg = Debug|Win32
		{3C44AAEB-5252-315B-AFAC-30F9FDD98DB3}.Debug|Win32.Build.0 = Debug|Win32
		{3C44AAEB-5252-315B-AFAC-30F9FDD98DB3}.Release|Win32.ActiveCfg = Release|Win32
		{3C44AAEB-5252-315B-AFAC-30F9FDD98DB3}.Release|Win32.Build.0 = Release|Win32
		{3C44AAEB-5252-315B-AFAC-30F9FDD98DB3}.MinSizeRel|Win32.ActiveCfg = MinSizeRel|Win32
		{3C44AAEB-5252-315B-AFAC-30F9FDD98DB3}.MinSizeRel|Win32.Build.0 = MinSizeRel|Win32
		{3C44AAEB-5252-315B-AFAC-30F9FDD98DB3}.RelWithDebInfo|Win32.ActiveCfg = RelWithDebInfo|Win32
		{3C44AAEB-5252-315B-AFAC-30F9FDD98DB3}.RelWithDebInfo|Win32.Build.0 = RelWithDebInfo|Win32
	EndGlobalSection
	GlobalSection(ExtensibilityGlobals) = postSolution
		SolutionGuid = {C8EAFA00-2499-32AD-A5FF-6B709C0EBC78}
	EndGlobalSection
	GlobalSection(ExtensibilityAddIns) = postSolution
	EndGlobalSection
EndGlobal
