<?xml version="1.0" encoding="utf-8"?>
<Project ToolsVersion="15.0" xmlns="http://schemas.microsoft.com/developer/msbuild/2003">
  <ItemGroup>
    <CustomBuild Include="E:\YY\TEST_VS\testMP3\libnyquist\hone\CMakeFiles\6259aaa73cc27e8853de1f8512873e2c\generate.stamp.rule">
      <Filter>CMake Rules</Filter>
    </CustomBuild>
  </ItemGroup>
  <ItemGroup>
    <Filter Include="CMake Rules">
      <UniqueIdentifier>{6BA2A315-F02C-36F4-B48A-84D528D7F0E2}</UniqueIdentifier>
    </Filter>
  </ItemGroup>
</Project>
