Microsoft Visual Studio Solution File, Format Version 12.00
# Visual Studio 15
Project("{8BC9CEB8-8B4A-11D0-8D11-00A0C91BC942}") = "ALL_BUILD", "ALL_BUILD.vcxproj", "{FA0ECDBC-E550-3E05-B89F-31B0DDC6E287}"
	ProjectSection(ProjectDependencies) = postProject
		{89253C4B-372B-3DE3-BF92-05A7ABD3B685} = {89253C4B-372B-3DE3-BF92-05A7ABD3B685}
		{56C8318A-F5E6-3A7B-8B2F-967D68717A00} = {56C8318A-F5E6-3A7B-8B2F-967D68717A00}
		{E12A252A-D749-3C61-9F1D-152BBA2A9831} = {E12A252A-D749-3C61-9F1D-152BBA2A9831}
		{2F77169C-C883-3A52-9198-ED063DBCD3C2} = {2F77169C-C883-3A52-9198-ED063DBCD3C2}
		{092228A0-6C93-37CC-9F72-1A10A159B073} = {092228A0-6C93-37CC-9F72-1A10A159B073}
	EndProjectSection
EndProject
Project("{8BC9CEB8-8B4A-11D0-8D11-00A0C91BC942}") = "INSTALL", "INSTALL.vcxproj", "{4CEE02D4-F3A3-38E8-99E5-22B70334693C}"
	ProjectSection(ProjectDependencies) = postProject
		{FA0ECDBC-E550-3E05-B89F-31B0DDC6E287} = {FA0ECDBC-E550-3E05-B89F-31B0DDC6E287}
		{89253C4B-372B-3DE3-BF92-05A7ABD3B685} = {89253C4B-372B-3DE3-BF92-05A7ABD3B685}
	EndProjectSection
EndProject
Project("{8BC9CEB8-8B4A-11D0-8D11-00A0C91BC942}") = "ZERO_CHECK", "ZERO_CHECK.vcxproj", "{89253C4B-372B-3DE3-BF92-05A7ABD3B685}"
	ProjectSection(ProjectDependencies) = postProject
	EndProjectSection
EndProject
Project("{8BC9CEB8-8B4A-11D0-8D11-00A0C91BC942}") = "libnyquist", "libnyquist.vcxproj", "{56C8318A-F5E6-3A7B-8B2F-967D68717A00}"
	ProjectSection(ProjectDependencies) = postProject
		{89253C4B-372B-3DE3-BF92-05A7ABD3B685} = {89253C4B-372B-3DE3-BF92-05A7ABD3B685}
	EndProjectSection
EndProject
Project("{8BC9CEB8-8B4A-11D0-8D11-00A0C91BC942}") = "libnyquist-examples", "libnyquist-examples.vcxproj", "{E12A252A-D749-3C61-9F1D-152BBA2A9831}"
	ProjectSection(ProjectDependencies) = postProject
		{89253C4B-372B-3DE3-BF92-05A7ABD3B685} = {89253C4B-372B-3DE3-BF92-05A7ABD3B685}
		{56C8318A-F5E6-3A7B-8B2F-967D68717A00} = {56C8318A-F5E6-3A7B-8B2F-967D68717A00}
		{2F77169C-C883-3A52-9198-ED063DBCD3C2} = {2F77169C-C883-3A52-9198-ED063DBCD3C2}
		{092228A0-6C93-37CC-9F72-1A10A159B073} = {092228A0-6C93-37CC-9F72-1A10A159B073}
	EndProjectSection
EndProject
Project("{8BC9CEB8-8B4A-11D0-8D11-00A0C91BC942}") = "libopus", "libopus.vcxproj", "{2F77169C-C883-3A52-9198-ED063DBCD3C2}"
	ProjectSection(ProjectDependencies) = postProject
		{89253C4B-372B-3DE3-BF92-05A7ABD3B685} = {89253C4B-372B-3DE3-BF92-05A7ABD3B685}
	EndProjectSection
EndProject
Project("{8BC9CEB8-8B4A-11D0-8D11-00A0C91BC942}") = "libwavpack", "libwavpack.vcxproj", "{092228A0-6C93-37CC-9F72-1A10A159B073}"
	ProjectSection(ProjectDependencies) = postProject
		{89253C4B-372B-3DE3-BF92-05A7ABD3B685} = {89253C4B-372B-3DE3-BF92-05A7ABD3B685}
	EndProjectSection
EndProject
Global
	GlobalSection(SolutionConfigurationPlatforms) = preSolution
		Debug|Win32 = Debug|Win32
		Release|Win32 = Release|Win32
		MinSizeRel|Win32 = MinSizeRel|Win32
		RelWithDebInfo|Win32 = RelWithDebInfo|Win32
	EndGlobalSection
	GlobalSection(ProjectConfigurationPlatforms) = postSolution
		{FA0ECDBC-E550-3E05-B89F-31B0DDC6E287}.Debug|Win32.ActiveCfg = Debug|Win32
		{FA0ECDBC-E550-3E05-B89F-31B0DDC6E287}.Debug|Win32.Build.0 = Debug|Win32
		{FA0ECDBC-E550-3E05-B89F-31B0DDC6E287}.Release|Win32.ActiveCfg = Release|Win32
		{FA0ECDBC-E550-3E05-B89F-31B0DDC6E287}.Release|Win32.Build.0 = Release|Win32
		{FA0ECDBC-E550-3E05-B89F-31B0DDC6E287}.MinSizeRel|Win32.ActiveCfg = MinSizeRel|Win32
		{FA0ECDBC-E550-3E05-B89F-31B0DDC6E287}.MinSizeRel|Win32.Build.0 = MinSizeRel|Win32
		{FA0ECDBC-E550-3E05-B89F-31B0DDC6E287}.RelWithDebInfo|Win32.ActiveCfg = RelWithDebInfo|Win32
		{FA0ECDBC-E550-3E05-B89F-31B0DDC6E287}.RelWithDebInfo|Win32.Build.0 = RelWithDebInfo|Win32
		{4CEE02D4-F3A3-38E8-99E5-22B70334693C}.Debug|Win32.ActiveCfg = Debug|Win32
		{4CEE02D4-F3A3-38E8-99E5-22B70334693C}.Release|Win32.ActiveCfg = Release|Win32
		{4CEE02D4-F3A3-38E8-99E5-22B70334693C}.MinSizeRel|Win32.ActiveCfg = MinSizeRel|Win32
		{4CEE02D4-F3A3-38E8-99E5-22B70334693C}.RelWithDebInfo|Win32.ActiveCfg = RelWithDebInfo|Win32
		{89253C4B-372B-3DE3-BF92-05A7ABD3B685}.Debug|Win32.ActiveCfg = Debug|Win32
		{89253C4B-372B-3DE3-BF92-05A7ABD3B685}.Debug|Win32.Build.0 = Debug|Win32
		{89253C4B-372B-3DE3-BF92-05A7ABD3B685}.Release|Win32.ActiveCfg = Release|Win32
		{89253C4B-372B-3DE3-BF92-05A7ABD3B685}.Release|Win32.Build.0 = Release|Win32
		{89253C4B-372B-3DE3-BF92-05A7ABD3B685}.MinSizeRel|Win32.ActiveCfg = MinSizeRel|Win32
		{89253C4B-372B-3DE3-BF92-05A7ABD3B685}.MinSizeRel|Win32.Build.0 = MinSizeRel|Win32
		{89253C4B-372B-3DE3-BF92-05A7ABD3B685}.RelWithDebInfo|Win32.ActiveCfg = RelWithDebInfo|Win32
		{89253C4B-372B-3DE3-BF92-05A7ABD3B685}.RelWithDebInfo|Win32.Build.0 = RelWithDebInfo|Win32
		{56C8318A-F5E6-3A7B-8B2F-967D68717A00}.Debug|Win32.ActiveCfg = Debug|Win32
		{56C8318A-F5E6-3A7B-8B2F-967D68717A00}.Debug|Win32.Build.0 = Debug|Win32
		{56C8318A-F5E6-3A7B-8B2F-967D68717A00}.Release|Win32.ActiveCfg = Release|Win32
		{56C8318A-F5E6-3A7B-8B2F-967D68717A00}.Release|Win32.Build.0 = Release|Win32
		{56C8318A-F5E6-3A7B-8B2F-967D68717A00}.MinSizeRel|Win32.ActiveCfg = MinSizeRel|Win32
		{56C8318A-F5E6-3A7B-8B2F-967D68717A00}.MinSizeRel|Win32.Build.0 = MinSizeRel|Win32
		{56C8318A-F5E6-3A7B-8B2F-967D68717A00}.RelWithDebInfo|Win32.ActiveCfg = RelWithDebInfo|Win32
		{56C8318A-F5E6-3A7B-8B2F-967D68717A00}.RelWithDebInfo|Win32.Build.0 = RelWithDebInfo|Win32
		{E12A252A-D749-3C61-9F1D-152BBA2A9831}.Debug|Win32.ActiveCfg = Debug|Win32
		{E12A252A-D749-3C61-9F1D-152BBA2A9831}.Debug|Win32.Build.0 = Debug|Win32
		{E12A252A-D749-3C61-9F1D-152BBA2A9831}.Release|Win32.ActiveCfg = Release|Win32
		{E12A252A-D749-3C61-9F1D-152BBA2A9831}.Release|Win32.Build.0 = Release|Win32
		{E12A252A-D749-3C61-9F1D-152BBA2A9831}.MinSizeRel|Win32.ActiveCfg = MinSizeRel|Win32
		{E12A252A-D749-3C61-9F1D-152BBA2A9831}.MinSizeRel|Win32.Build.0 = MinSizeRel|Win32
		{E12A252A-D749-3C61-9F1D-152BBA2A9831}.RelWithDebInfo|Win32.ActiveCfg = RelWithDebInfo|Win32
		{E12A252A-D749-3C61-9F1D-152BBA2A9831}.RelWithDebInfo|Win32.Build.0 = RelWithDebInfo|Win32
		{2F77169C-C883-3A52-9198-ED063DBCD3C2}.Debug|Win32.ActiveCfg = Debug|Win32
		{2F77169C-C883-3A52-9198-ED063DBCD3C2}.Debug|Win32.Build.0 = Debug|Win32
		{2F77169C-C883-3A52-9198-ED063DBCD3C2}.Release|Win32.ActiveCfg = Release|Win32
		{2F77169C-C883-3A52-9198-ED063DBCD3C2}.Release|Win32.Build.0 = Release|Win32
		{2F77169C-C883-3A52-9198-ED063DBCD3C2}.MinSizeRel|Win32.ActiveCfg = MinSizeRel|Win32
		{2F77169C-C883-3A52-9198-ED063DBCD3C2}.MinSizeRel|Win32.Build.0 = MinSizeRel|Win32
		{2F77169C-C883-3A52-9198-ED063DBCD3C2}.RelWithDebInfo|Win32.ActiveCfg = RelWithDebInfo|Win32
		{2F77169C-C883-3A52-9198-ED063DBCD3C2}.RelWithDebInfo|Win32.Build.0 = RelWithDebInfo|Win32
		{092228A0-6C93-37CC-9F72-1A10A159B073}.Debug|Win32.ActiveCfg = Debug|Win32
		{092228A0-6C93-37CC-9F72-1A10A159B073}.Debug|Win32.Build.0 = Debug|Win32
		{092228A0-6C93-37CC-9F72-1A10A159B073}.Release|Win32.ActiveCfg = Release|Win32
		{092228A0-6C93-37CC-9F72-1A10A159B073}.Release|Win32.Build.0 = Release|Win32
		{092228A0-6C93-37CC-9F72-1A10A159B073}.MinSizeRel|Win32.ActiveCfg = MinSizeRel|Win32
		{092228A0-6C93-37CC-9F72-1A10A159B073}.MinSizeRel|Win32.Build.0 = MinSizeRel|Win32
		{092228A0-6C93-37CC-9F72-1A10A159B073}.RelWithDebInfo|Win32.ActiveCfg = RelWithDebInfo|Win32
		{092228A0-6C93-37CC-9F72-1A10A159B073}.RelWithDebInfo|Win32.Build.0 = RelWithDebInfo|Win32
	EndGlobalSection
	GlobalSection(ExtensibilityGlobals) = postSolution
		SolutionGuid = {10E15931-926D-3691-962C-51F3A3B0AA33}
	EndGlobalSection
	GlobalSection(ExtensibilityAddIns) = postSolution
	EndGlobalSection
EndGlobal
